
Microsoft Visual Studio Solution File, Format Version 12.00
# Visual Studio 2012
Project("{FAE04EC0-301F-11D3-BF4B-00C04F79EFBC}") = "ReadersCompanion", "ReadersCompanion.csproj", "{1D7EBA62-0C98-48FC-9516-7687F642BCCE}"
EndProject
Project("{FAE04EC0-301F-11D3-BF4B-00C04F79EFBC}") = "DAL", "DAL\DAL.csproj", "{49569ED1-CB90-4438-B5DE-25799BF525E1}"
EndProject
Project("{FAE04EC0-301F-11D3-BF4B-00C04F79EFBC}") = "Service", "Service\Service.csproj", "{9A9EE932-49ED-4DA0-A8AF-A069328B3BEC}"
EndProject
Project("{FAE04EC0-301F-11D3-BF4B-00C04F79EFBC}") = "Business", "Business\Business.csproj", "{FC4DFE8B-ED1C-46A0-A63E-BF2E2C9C1BFF}"
EndProject
Project("{FAE04EC0-301F-11D3-BF4B-00C04F79EFBC}") = "DALUnitTest", "DALUnitTest\DALUnitTest.csproj", "{9114349F-DE5B-4312-B23C-A4506C9483BF}"
EndProject
Project("{E24C65DC-7377-472B-9ABA-BC803B73C61A}") = "Presentation(2)", "http://localhost:63227", "{F16B52EA-B65A-43C7-884E-536BA7A17DC6}"
	ProjectSection(WebsiteProperties) = preProject
		UseIISExpress = "true"
		TargetFrameworkMoniker = ".NETFramework,Version%3Dv4.5"
		ProjectReferences = "{49569ed1-cb90-4438-b5de-25799bf525e1}|DAL.dll;{fc4dfe8b-ed1c-46a0-a63e-bf2e2c9c1bff}|Business.dll;{9A9EE932-49ED-4DA0-A8AF-A069328B3BEC}|Service.dll;"
		Debug.AspNetCompiler.VirtualPath = "/localhost_63227"
		Debug.AspNetCompiler.PhysicalPath = "Presentation\"
		Debug.AspNetCompiler.TargetPath = "PrecompiledWeb\localhost_63227\"
		Debug.AspNetCompiler.Updateable = "true"
		Debug.AspNetCompiler.ForceOverwrite = "true"
		Debug.AspNetCompiler.FixedNames = "false"
		Debug.AspNetCompiler.Debug = "True"
		Release.AspNetCompiler.VirtualPath = "/localhost_63227"
		Release.AspNetCompiler.PhysicalPath = "Presentation\"
		Release.AspNetCompiler.TargetPath = "PrecompiledWeb\localhost_63227\"
		Release.AspNetCompiler.Updateable = "true"
		Release.AspNetCompiler.ForceOverwrite = "true"
		Release.AspNetCompiler.FixedNames = "false"
		Release.AspNetCompiler.Debug = "False"
		SlnRelativePath = "Presentation\"
		DefaultWebSiteLanguage = "Visual C#"
	EndProjectSection
EndProject
Project("{2150E333-8FDC-42A3-9474-1A3956D46DE8}") = "SQL", "SQL", "{83E3BF5D-BB58-43CC-8763-B4F6EE134A4B}"
	ProjectSection(SolutionItems) = preProject
		createdatabase.sql = createdatabase.sql
		createMembershipdatabase.sql = createMembershipdatabase.sql
	EndProjectSection
EndProject
Project("{FAE04EC0-301F-11D3-BF4B-00C04F79EFBC}") = "ServiceUnitTest", "ServiceUnitTest\ServiceUnitTest.csproj", "{D61986F2-9D53-47CA-A813-195BA4301188}"
EndProject
Project("{FAE04EC0-301F-11D3-BF4B-00C04F79EFBC}") = "BusinessUnitTest", "BusinessUnitTest\BusinessUnitTest.csproj", "{EF84D9B1-9A9A-40D9-A245-711B61A1374E}"
EndProject
Project("{FAE04EC0-301F-11D3-BF4B-00C04F79EFBC}") = "AuthenticationServer", "AuthenticationServer\AuthenticationServer.csproj", "{F938F565-DC99-4B53-98C9-EF1545000E4A}"
EndProject
Project("{FAE04EC0-301F-11D3-BF4B-00C04F79EFBC}") = "AuthenticationServerUnitTest", "AuthenticationServerUnitTest\AuthenticationServerUnitTest.csproj", "{99C6E3FB-7712-46E7-8A66-824B8DA68D07}"
EndProject
Project("{FAE04EC0-301F-11D3-BF4B-00C04F79EFBC}") = "WcfServiceLibrary1", "WcfServiceLibrary1\WcfServiceLibrary1.csproj", "{15B3E0D2-6217-493A-A690-158C497F5318}"
EndProject
Project("{FAE04EC0-301F-11D3-BF4B-00C04F79EFBC}") = "WcfHost1", "WcfHost1\WcfHost1.csproj", "{E681BFA1-C2AF-423D-9F79-B9FF95198662}"
EndProject
Project("{FAE04EC0-301F-11D3-BF4B-00C04F79EFBC}") = "WcfClient1", "WcfClient1\WcfClient1.csproj", "{9B0C454D-AF65-4ECB-82FB-270AC93678CC}"
EndProject
Global
	GlobalSection(SolutionConfigurationPlatforms) = preSolution
		Debug|Any CPU = Debug|Any CPU
		Release|Any CPU = Release|Any CPU
	EndGlobalSection
	GlobalSection(ProjectConfigurationPlatforms) = postSolution
		{1D7EBA62-0C98-48FC-9516-7687F642BCCE}.Debug|Any CPU.ActiveCfg = Debug|Any CPU
		{1D7EBA62-0C98-48FC-9516-7687F642BCCE}.Debug|Any CPU.Build.0 = Debug|Any CPU
		{1D7EBA62-0C98-48FC-9516-7687F642BCCE}.Release|Any CPU.ActiveCfg = Release|Any CPU
		{1D7EBA62-0C98-48FC-9516-7687F642BCCE}.Release|Any CPU.Build.0 = Release|Any CPU
		{49569ED1-CB90-4438-B5DE-25799BF525E1}.Debug|Any CPU.ActiveCfg = Debug|Any CPU
		{49569ED1-CB90-4438-B5DE-25799BF525E1}.Debug|Any CPU.Build.0 = Debug|Any CPU
		{49569ED1-CB90-4438-B5DE-25799BF525E1}.Release|Any CPU.ActiveCfg = Release|Any CPU
		{49569ED1-CB90-4438-B5DE-25799BF525E1}.Release|Any CPU.Build.0 = Release|Any CPU
		{9A9EE932-49ED-4DA0-A8AF-A069328B3BEC}.Debug|Any CPU.ActiveCfg = Debug|Any CPU
		{9A9EE932-49ED-4DA0-A8AF-A069328B3BEC}.Debug|Any CPU.Build.0 = Debug|Any CPU
		{9A9EE932-49ED-4DA0-A8AF-A069328B3BEC}.Release|Any CPU.ActiveCfg = Release|Any CPU
		{9A9EE932-49ED-4DA0-A8AF-A069328B3BEC}.Release|Any CPU.Build.0 = Release|Any CPU
		{FC4DFE8B-ED1C-46A0-A63E-BF2E2C9C1BFF}.Debug|Any CPU.ActiveCfg = Debug|Any CPU
		{FC4DFE8B-ED1C-46A0-A63E-BF2E2C9C1BFF}.Debug|Any CPU.Build.0 = Debug|Any CPU
		{FC4DFE8B-ED1C-46A0-A63E-BF2E2C9C1BFF}.Release|Any CPU.ActiveCfg = Release|Any CPU
		{FC4DFE8B-ED1C-46A0-A63E-BF2E2C9C1BFF}.Release|Any CPU.Build.0 = Release|Any CPU
		{9114349F-DE5B-4312-B23C-A4506C9483BF}.Debug|Any CPU.ActiveCfg = Debug|Any CPU
		{9114349F-DE5B-4312-B23C-A4506C9483BF}.Debug|Any CPU.Build.0 = Debug|Any CPU
		{9114349F-DE5B-4312-B23C-A4506C9483BF}.Release|Any CPU.ActiveCfg = Release|Any CPU
		{9114349F-DE5B-4312-B23C-A4506C9483BF}.Release|Any CPU.Build.0 = Release|Any CPU
		{F16B52EA-B65A-43C7-884E-536BA7A17DC6}.Debug|Any CPU.ActiveCfg = Debug|Any CPU
		{F16B52EA-B65A-43C7-884E-536BA7A17DC6}.Debug|Any CPU.Build.0 = Debug|Any CPU
		{F16B52EA-B65A-43C7-884E-536BA7A17DC6}.Release|Any CPU.ActiveCfg = Debug|Any CPU
		{F16B52EA-B65A-43C7-884E-536BA7A17DC6}.Release|Any CPU.Build.0 = Debug|Any CPU
		{D61986F2-9D53-47CA-A813-195BA4301188}.Debug|Any CPU.ActiveCfg = Debug|Any CPU
		{D61986F2-9D53-47CA-A813-195BA4301188}.Debug|Any CPU.Build.0 = Debug|Any CPU
		{D61986F2-9D53-47CA-A813-195BA4301188}.Release|Any CPU.ActiveCfg = Release|Any CPU
		{D61986F2-9D53-47CA-A813-195BA4301188}.Release|Any CPU.Build.0 = Release|Any CPU
		{EF84D9B1-9A9A-40D9-A245-711B61A1374E}.Debug|Any CPU.ActiveCfg = Debug|Any CPU
		{EF84D9B1-9A9A-40D9-A245-711B61A1374E}.Debug|Any CPU.Build.0 = Debug|Any CPU
		{EF84D9B1-9A9A-40D9-A245-711B61A1374E}.Release|Any CPU.ActiveCfg = Release|Any CPU
		{EF84D9B1-9A9A-40D9-A245-711B61A1374E}.Release|Any CPU.Build.0 = Release|Any CPU
		{F938F565-DC99-4B53-98C9-EF1545000E4A}.Debug|Any CPU.ActiveCfg = Debug|Any CPU
		{F938F565-DC99-4B53-98C9-EF1545000E4A}.Debug|Any CPU.Build.0 = Debug|Any CPU
		{F938F565-DC99-4B53-98C9-EF1545000E4A}.Release|Any CPU.ActiveCfg = Release|Any CPU
		{F938F565-DC99-4B53-98C9-EF1545000E4A}.Release|Any CPU.Build.0 = Release|Any CPU
		{99C6E3FB-7712-46E7-8A66-824B8DA68D07}.Debug|Any CPU.ActiveCfg = Debug|Any CPU
		{99C6E3FB-7712-46E7-8A66-824B8DA68D07}.Debug|Any CPU.Build.0 = Debug|Any CPU
		{99C6E3FB-7712-46E7-8A66-824B8DA68D07}.Release|Any CPU.ActiveCfg = Release|Any CPU
		{99C6E3FB-7712-46E7-8A66-824B8DA68D07}.Release|Any CPU.Build.0 = Release|Any CPU
		{15B3E0D2-6217-493A-A690-158C497F5318}.Debug|Any CPU.ActiveCfg = Debug|Any CPU
		{15B3E0D2-6217-493A-A690-158C497F5318}.Debug|Any CPU.Build.0 = Debug|Any CPU
		{15B3E0D2-6217-493A-A690-158C497F5318}.Release|Any CPU.ActiveCfg = Release|Any CPU
		{15B3E0D2-6217-493A-A690-158C497F5318}.Release|Any CPU.Build.0 = Release|Any CPU
		{E681BFA1-C2AF-423D-9F79-B9FF95198662}.Debug|Any CPU.ActiveCfg = Debug|Any CPU
		{E681BFA1-C2AF-423D-9F79-B9FF95198662}.Debug|Any CPU.Build.0 = Debug|Any CPU
		{E681BFA1-C2AF-423D-9F79-B9FF95198662}.Release|Any CPU.ActiveCfg = Release|Any CPU
		{E681BFA1-C2AF-423D-9F79-B9FF95198662}.Release|Any CPU.Build.0 = Release|Any CPU
		{9B0C454D-AF65-4ECB-82FB-270AC93678CC}.Debug|Any CPU.ActiveCfg = Debug|Any CPU
		{9B0C454D-AF65-4ECB-82FB-270AC93678CC}.Debug|Any CPU.Build.0 = Debug|Any CPU
		{9B0C454D-AF65-4ECB-82FB-270AC93678CC}.Release|Any CPU.ActiveCfg = Release|Any CPU
		{9B0C454D-AF65-4ECB-82FB-270AC93678CC}.Release|Any CPU.Build.0 = Release|Any CPU
	EndGlobalSection
	GlobalSection(SolutionProperties) = preSolution
		HideSolutionNode = FALSE
	EndGlobalSection
EndGlobal
